// !$*UTF8*$!
{
	archiveVersion = 1;
	classes = {
	};
	objectVersion = 70;
	objects = {

/* Begin PBXBuildFile section */
		33B701472F59886D00DADCF5 /* HomeView.swift in Sources */ = {isa = PBXBuildFile; fileRef = 33B701462F59886D00DADCF5 /* HomeView.swift */; };
		AA00000000000000000101AA /* CycleTrackerApp.swift in Sources */ = {isa = PBXBuildFile; fileRef = AA00000000000000000100AA /* CycleTrackerApp.swift */; };
		AA00000000000000000111AA /* ContentView.swift in Sources */ = {isa = PBXBuildFile; fileRef = AA00000000000000000110AA /* ContentView.swift */; };
		AA00000000000000000121AA /* CircleView.swift in Sources */ = {isa = PBXBuildFile; fileRef = AA00000000000000000120AA /* CircleView.swift */; };
		AA00000000000000000131AA /* CalendarView.swift in Sources */ = {isa = PBXBuildFile; fileRef = AA00000000000000000130AA /* CalendarView.swift */; };
		AA00000000000000000141AA /* LogSymptomView.swift in Sources */ = {isa = PBXBuildFile; fileRef = AA00000000000000000140AA /* LogSymptomView.swift */; };
		AA00000000000000000151AA /* CycleHistoryView.swift in Sources */ = {isa = PBXBuildFile; fileRef = AA00000000000000000150AA /* CycleHistoryView.swift */; };
		AA00000000000000000161AA /* CycleRecord.swift in Sources */ = {isa = PBXBuildFile; fileRef = AA00000000000000000160AA /* CycleRecord.swift */; };
		AA00000000000000000171AA /* DailyLog.swift in Sources */ = {isa = PBXBuildFile; fileRef = AA00000000000000000170AA /* DailyLog.swift */; };
		AA00000000000000000181AA /* CyclePhase.swift in Sources */ = {isa = PBXBuildFile; fileRef = AA00000000000000000180AA /* CyclePhase.swift */; };
		AA00000000000000000191AA /* CycleViewModel.swift in Sources */ = {isa = PBXBuildFile; fileRef = AA00000000000000000190AA /* CycleViewModel.swift */; };
		AA000000000000000001A1AA /* CalendarViewModel.swift in Sources */ = {isa = PBXBuildFile; fileRef = AA000000000000000001A0AA /* CalendarViewModel.swift */; };
		AA000000000000000001B1AA /* CycleCalculator.swift in Sources */ = {isa = PBXBuildFile; fileRef = AA000000000000000001B0AA /* CycleCalculator.swift */; };
		AA000000000000000001C1AA /* Assets.xcassets in Resources */ = {isa = PBXBuildFile; fileRef = AA000000000000000001C0AA /* Assets.xcassets */; };
/* End PBXBuildFile section */

/* Begin PBXFileReference section */
		33B701462F59886D00DADCF5 /* HomeView.swift */ = {isa = PBXFileReference; lastKnownFileType = sourcecode.swift; path = HomeView.swift; sourceTree = "<group>"; };
		AA00000000000000000011AA /* CycleTracker.app */ = {isa = PBXFileReference; explicitFileType = wrapper.application; includeInIndex = 0; path = CycleTracker.app; sourceTree = BUILT_PRODUCTS_DIR; };
		AA00000000000000000100AA /* CycleTrackerApp.swift */ = {isa = PBXFileReference; lastKnownFileType = sourcecode.swift; path = CycleTrackerApp.swift; sourceTree = "<group>"; };
		AA00000000000000000110AA /* ContentView.swift */ = {isa = PBXFileReference; lastKnownFileType = sourcecode.swift; path = ContentView.swift; sourceTree = "<group>"; };
		AA00000000000000000120AA /* CircleView.swift */ = {isa = PBXFileReference; lastKnownFileType = sourcecode.swift; path = CircleView.swift; sourceTree = "<group>"; };
		AA00000000000000000130AA /* CalendarView.swift */ = {isa = PBXFileReference; lastKnownFileType = sourcecode.swift; path = CalendarView.swift; sourceTree = "<group>"; };
		AA00000000000000000140AA /* LogSymptomView.swift */ = {isa = PBXFileReference; lastKnownFileType = sourcecode.swift; path = LogSymptomView.swift; sourceTree = "<group>"; };
		AA00000000000000000150AA /* CycleHistoryView.swift */ = {isa = PBXFileReference; lastKnownFileType = sourcecode.swift; path = CycleHistoryView.swift; sourceTree = "<group>"; };
		AA00000000000000000160AA /* CycleRecord.swift */ = {isa = PBXFileReference; lastKnownFileType = sourcecode.swift; path = CycleRecord.swift; sourceTree = "<group>"; };
		AA00000000000000000170AA /* DailyLog.swift */ = {isa = PBXFileReference; lastKnownFileType = sourcecode.swift; path = DailyLog.swift; sourceTree = "<group>"; };
		AA00000000000000000180AA /* CyclePhase.swift */ = {isa = PBXFileReference; lastKnownFileType = sourcecode.swift; path = CyclePhase.swift; sourceTree = "<group>"; };
		AA00000000000000000190AA /* CycleViewModel.swift */ = {isa = PBXFileReference; lastKnownFileType = sourcecode.swift; path = CycleViewModel.swift; sourceTree = "<group>"; };
		AA000000000000000001A0AA /* CalendarViewModel.swift */ = {isa = PBXFileReference; lastKnownFileType = sourcecode.swift; path = CalendarViewModel.swift; sourceTree = "<group>"; };
		AA000000000000000001B0AA /* CycleCalculator.swift */ = {isa = PBXFileReference; lastKnownFileType = sourcecode.swift; path = CycleCalculator.swift; sourceTree = "<group>"; };
		AA000000000000000001C0AA /* Assets.xcassets */ = {isa = PBXFileReference; lastKnownFileType = folder.assetcatalog; path = Assets.xcassets; sourceTree = "<group>"; };
		AA000000000000000001D0AA /* Info.plist */ = {isa = PBXFileReference; lastKnownFileType = text.plist.xml; path = Info.plist; sourceTree = "<group>"; };
		AA000000000000000001E0AA /* CycleTracker.entitlements */ = {isa = PBXFileReference; lastKnownFileType = text.plist.entitlements; path = CycleTracker.entitlements; sourceTree = "<group>"; };
/* End PBXFileReference section */

/* Begin PBXFileSystemSynchronizedRootGroup section */
		33B701412F59861200DADCF5 /* Content */ = {isa = PBXFileSystemSynchronizedRootGroup; explicitFileTypes = {}; explicitFolders = (); path = Content; sourceTree = "<group>"; };
/* End PBXFileSystemSynchronizedRootGroup section */

/* Begin PBXFrameworksBuildPhase section */
		AA00000000000000000021AA /* Frameworks */ = {
			isa = PBXFrameworksBuildPhase;
			buildActionMask = 2147483647;
			files = (
			);
			runOnlyForDeploymentPostprocessing = 0;
		};
/* End PBXFrameworksBuildPhase section */

/* Begin PBXGroup section */
		AA00000000000000000002AA = {
			isa = PBXGroup;
			children = (
				AA00000000000000000004AA /* CycleTracker */,
				AA00000000000000000003AA /* Products */,
			);
			sourceTree = "<group>";
		};
		AA00000000000000000003AA /* Products */ = {
			isa = PBXGroup;
			children = (
				AA00000000000000000011AA /* CycleTracker.app */,
			);
			name = Products;
			sourceTree = "<group>";
		};
		AA00000000000000000004AA /* CycleTracker */ = {
			isa = PBXGroup;
			children = (
				33B701412F59861200DADCF5 /* Content */,
				AA00000000000000000100AA /* CycleTrackerApp.swift */,
				AA00000000000000000005AA /* Models */,
				AA00000000000000000006AA /* Views */,
				AA00000000000000000007AA /* ViewModels */,
				AA00000000000000000008AA /* Utilities */,
				AA000000000000000001C0AA /* Assets.xcassets */,
				AA000000000000000001D0AA /* Info.plist */,
				AA000000000000000001E0AA /* CycleTracker.entitlements */,
			);
			path = CycleTracker;
			sourceTree = "<group>";
		};
		AA00000000000000000005AA /* Models */ = {
			isa = PBXGroup;
			children = (
				AA00000000000000000180AA /* CyclePhase.swift */,
				AA00000000000000000160AA /* CycleRecord.swift */,
				AA00000000000000000170AA /* DailyLog.swift */,
			);
			path = Models;
			sourceTree = "<group>";
		};
		AA00000000000000000006AA /* Views */ = {
			isa = PBXGroup;
			children = (
				33B701462F59886D00DADCF5 /* HomeView.swift */,
				AA00000000000000000110AA /* ContentView.swift */,
				AA00000000000000000120AA /* CircleView.swift */,
				AA00000000000000000130AA /* CalendarView.swift */,
				AA00000000000000000140AA /* LogSymptomView.swift */,
				AA00000000000000000150AA /* CycleHistoryView.swift */,
			);
			path = Views;
			sourceTree = "<group>";
		};
		AA00000000000000000007AA /* ViewModels */ = {
			isa = PBXGroup;
			children = (
				AA00000000000000000190AA /* CycleViewModel.swift */,
				AA000000000000000001A0AA /* CalendarViewModel.swift */,
			);
			path = ViewModels;
			sourceTree = "<group>";
		};
		AA00000000000000000008AA /* Utilities */ = {
			isa = PBXGroup;
			children = (
				AA000000000000000001B0AA /* CycleCalculator.swift */,
			);
			path = Utilities;
			sourceTree = "<group>";
		};
/* End PBXGroup section */

/* Begin PBXNativeTarget section */
		AA00000000000000000010AA /* CycleTracker */ = {
			isa = PBXNativeTarget;
			buildConfigurationList = AA00000000000000000031AA /* Build configuration list for PBXNativeTarget "CycleTracker" */;
			buildPhases = (
				AA00000000000000000020AA /* Sources */,
				AA00000000000000000021AA /* Frameworks */,
				AA00000000000000000022AA /* Resources */,
			);
			buildRules = (
			);
			dependencies = (
			);
			fileSystemSynchronizedGroups = (
				33B701412F59861200DADCF5 /* Content */,
			);
			name = CycleTracker;
			productName = CycleTracker;
			productReference = AA00000000000000000011AA /* CycleTracker.app */;
			productType = "com.apple.product-type.application";
		};
/* End PBXNativeTarget section */

/* Begin PBXProject section */
		AA00000000000000000001AA /* Project object */ = {
			isa = PBXProject;
			attributes = {
				BuildIndependentTargetsInParallel = 1;
				LastSwiftUpdateCheck = 1500;
				LastUpgradeCheck = 1500;
				TargetAttributes = {
					AA00000000000000000010AA = {
						CreatedOnToolsVersion = 15.0;
					};
				};
			};
			buildConfigurationList = AA00000000000000000030AA /* Build configuration list for PBXProject "CycleTracker" */;
			compatibilityVersion = "Xcode 14.0";
			developmentRegion = en;
			hasScannedForEncodings = 0;
			knownRegions = (
				en,
				Base,
			);
			mainGroup = AA00000000000000000002AA;
			productRefGroup = AA00000000000000000003AA /* Products */;
			projectDirPath = "";
			projectRoot = "";
			targets = (
				AA00000000000000000010AA /* CycleTracker */,
			);
		};
/* End PBXProject section */

/* Begin PBXResourcesBuildPhase section */
		AA00000000000000000022AA /* Resources */ = {
			isa = PBXResourcesBuildPhase;
			buildActionMask = 2147483647;
			files = (
				AA000000000000000001C1AA /* Assets.xcassets in Resources */,
			);
			runOnlyForDeploymentPostprocessing = 0;
		};
/* End PBXResourcesBuildPhase section */

/* Begin PBXSourcesBuildPhase section */
		AA00000000000000000020AA /* Sources */ = {
			isa = PBXSourcesBuildPhase;
			buildActionMask = 2147483647;
			files = (
				AA00000000000000000101AA /* CycleTrackerApp.swift in Sources */,
				33B701472F59886D00DADCF5 /* HomeView.swift in Sources */,
				AA00000000000000000111AA /* ContentView.swift in Sources */,
				AA00000000000000000121AA /* CircleView.swift in Sources */,
				AA00000000000000000131AA /* CalendarView.swift in Sources */,
				AA00000000000000000141AA /* LogSymptomView.swift in Sources */,
				AA00000000000000000151AA /* CycleHistoryView.swift in Sources */,
				AA00000000000000000161AA /* CycleRecord.swift in Sources */,
				AA00000000000000000171AA /* DailyLog.swift in Sources */,
				AA00000000000000000181AA /* CyclePhase.swift in Sources */,
				AA00000000000000000191AA /* CycleViewModel.swift in Sources */,
				AA000000000000000001A1AA /* CalendarViewModel.swift in Sources */,
				AA000000000000000001B1AA /* CycleCalculator.swift in Sources */,
			);
			runOnlyForDeploymentPostprocessing = 0;
		};
/* End PBXSourcesBuildPhase section */

/* Begin XCBuildConfiguration section */
		AA00000000000000000040AA /* Debug */ = {
			isa = XCBuildConfiguration;
			buildSettings = {
				ALWAYS_SEARCH_USER_PATHS = NO;
				ASSETCATALOG_COMPILER_GENERATE_SWIFT_ASSET_SYMBOL_EXTENSIONS = YES;
				CLANG_ANALYZER_NONNULL = YES;
				CLANG_ANALYZER_NUMBER_OBJECT_CONVERSION = YES_AGGRESSIVE;
				CLANG_CXX_LANGUAGE_STANDARD = "gnu++20";
				CLANG_ENABLE_MODULES = YES;
				CLANG_ENABLE_OBJC_ARC = YES;
				CLANG_ENABLE_OBJC_WEAK = YES;
				CLANG_WARN_BLOCK_CAPTURE_AUTORELEASING = YES;
				CLANG_WARN_BOOL_CONVERSION = YES;
				CLANG_WARN_COMMA = YES;
				CLANG_WARN_CONSTANT_CONVERSION = YES;
				CLANG_WARN_DEPRECATED_OBJC_IMPLEMENTATIONS = YES;
				CLANG_WARN_DIRECT_OBJC_ISA_USAGE = YES_ERROR;
				CLANG_WARN_DOCUMENTATION_COMMENTS = YES;
				CLANG_WARN_EMPTY_BODY = YES;
				CLANG_WARN_ENUM_CONVERSION = YES;
				CLANG_WARN_INFINITE_RECURSION = YES;
				CLANG_WARN_INT_CONVERSION = YES;
				CLANG_WARN_NON_LITERAL_NULL_CONVERSION = YES;
				CLANG_WARN_OBJC_IMPLICIT_RETAIN_SELF = YES;
				CLANG_WARN_OBJC_LITERAL_CONVERSION = YES;
				CLANG_WARN_OBJC_ROOT_CLASS = YES_ERROR;
				CLANG_WARN_QUOTED_INCLUDE_IN_FRAMEWORK_HEADER = YES;
				CLANG_WARN_RANGE_LOOP_ANALYSIS = YES;
				CLANG_WARN_STRICT_PROTOTYPES = YES;
				CLANG_WARN_SUSPICIOUS_MOVE = YES;
				CLANG_WARN_UNGUARDED_AVAILABILITY = YES_AGGRESSIVE;
				CLANG_WARN_UNREACHABLE_CODE = YES;
				CLANG_WARN__DUPLICATE_METHOD_MATCH = YES;
				COPY_PHASE_STRIP = NO;
				DEBUG_INFORMATION_FORMAT = dwarf;
				ENABLE_STRICT_OBJC_MSGSEND = YES;
				ENABLE_TESTABILITY = YES;
				ENABLE_USER_SCRIPT_SANDBOXING = YES;
				GCC_C_LANGUAGE_STANDARD = gnu17;
				GCC_DYNAMIC_NO_PIC = NO;
				GCC_NO_COMMON_BLOCKS = YES;
				GCC_OPTIMIZATION_LEVEL = 0;
				GCC_PREPROCESSOR_DEFINITIONS = (
					"DEBUG=1",
					"$(inherited)",
				);
				GCC_WARN_64_TO_32_BIT_CONVERSION = YES;
				GCC_WARN_ABOUT_RETURN_TYPE = YES_ERROR;
				GCC_WARN_UNDECLARED_SELECTOR = YES;
				GCC_WARN_UNINITIALIZED_AUTOS = YES_AGGRESSIVE;
				GCC_WARN_UNUSED_FUNCTION = YES;
				GCC_WARN_UNUSED_VARIABLE = YES;
				IPHONEOS_DEPLOYMENT_TARGET = 17.0;
				LOCALIZATION_PREFERS_STRING_CATALOGS = YES;
				MTL_ENABLE_DEBUG_INFO = INCLUDE_SOURCE;
				MTL_FAST_MATH = YES;
				ONLY_ACTIVE_ARCH = YES;
				SDKROOT = iphoneos;
				SWIFT_ACTIVE_COMPILATION_CONDITIONS = "DEBUG $(inherited)";
				SWIFT_OPTIMIZATION_LEVEL = "-Onone";
			};
			name = Debug;
		};
		AA00000000000000000041AA /* Release */ = {
			isa = XCBuildConfiguration;
			buildSettings = {
				ALWAYS_SEARCH_USER_PATHS = NO;
				ASSETCATALOG_COMPILER_GENERATE_SWIFT_ASSET_SYMBOL_EXTENSIONS = YES;
				CLANG_ANALYZER_NONNULL = YES;
				CLANG_ANALYZER_NUMBER_OBJECT_CONVERSION = YES_AGGRESSIVE;
				CLANG_CXX_LANGUAGE_STANDARD = "gnu++20";
				CLANG_ENABLE_MODULES = YES;
				CLANG_ENABLE_OBJC_ARC = YES;
				CLANG_ENABLE_OBJC_WEAK = YES;
				CLANG_WARN_BLOCK_CAPTURE_AUTORELEASING = YES;
				CLANG_WARN_BOOL_CONVERSION = YES;
				CLANG_WARN_COMMA = YES;
				CLANG_WARN_CONSTANT_CONVERSION = YES;
				CLANG_WARN_DEPRECATED_OBJC_IMPLEMENTATIONS = YES;
				CLANG_WARN_DIRECT_OBJC_ISA_USAGE = YES_ERROR;
				CLANG_WARN_DOCUMENTATION_COMMENTS = YES;
				CLANG_WARN_EMPTY_BODY = YES;
				CLANG_WARN_ENUM_CONVERSION = YES;
				CLANG_WARN_INFINITE_RECURSION = YES;
				CLANG_WARN_INT_CONVERSION = YES;
				CLANG_WARN_NON_LITERAL_NULL_CONVERSION = YES;
				CLANG_WARN_OBJC_IMPLICIT_RETAIN_SELF = YES;
				CLANG_WARN_OBJC_LITERAL_CONVERSION = YES;
				CLANG_WARN_OBJC_ROOT_CLASS = YES_ERROR;
				CLANG_WARN_QUOTED_INCLUDE_IN_FRAMEWORK_HEADER = YES;
				CLANG_WARN_RANGE_LOOP_ANALYSIS = YES;
				CLANG_WARN_STRICT_PROTOTYPES = YES;
				CLANG_WARN_SUSPICIOUS_MOVE = YES;
				CLANG_WARN_UNGUARDED_AVAILABILITY = YES_AGGRESSIVE;
				CLANG_WARN_UNREACHABLE_CODE = YES;
				CLANG_WARN__DUPLICATE_METHOD_MATCH = YES;
				COPY_PHASE_STRIP = NO;
				DEBUG_INFORMATION_FORMAT = "dwarf-with-dsym";
				ENABLE_NS_ASSERTIONS = NO;
				ENABLE_STRICT_OBJC_MSGSEND = YES;
				ENABLE_USER_SCRIPT_SANDBOXING = YES;
				GCC_C_LANGUAGE_STANDARD = gnu17;
				GCC_NO_COMMON_BLOCKS = YES;
				GCC_WARN_64_TO_32_BIT_CONVERSION = YES;
				GCC_WARN_ABOUT_RETURN_TYPE = YES_ERROR;
				GCC_WARN_UNDECLARED_SELECTOR = YES;
				GCC_WARN_UNINITIALIZED_AUTOS = YES_AGGRESSIVE;
				GCC_WARN_UNUSED_FUNCTION = YES;
				GCC_WARN_UNUSED_VARIABLE = YES;
				IPHONEOS_DEPLOYMENT_TARGET = 17.0;
				LOCALIZATION_PREFERS_STRING_CATALOGS = YES;
				MTL_ENABLE_DEBUG_INFO = NO;
				MTL_FAST_MATH = YES;
				SDKROOT = iphoneos;
				SWIFT_COMPILATION_MODE = wholemodule;
				VALIDATE_PRODUCT = YES;
			};
			name = Release;
		};
		AA00000000000000000042AA /* Debug */ = {
			isa = XCBuildConfiguration;
			buildSettings = {
				ASSETCATALOG_COMPILER_APPICON_NAME = AppIcon;
				ASSETCATALOG_COMPILER_GLOBAL_ACCENT_COLOR_NAME = AccentColor;
				CODE_SIGN_ENTITLEMENTS = CycleTracker/CycleTracker.entitlements;
				CODE_SIGN_STYLE = Automatic;
				CURRENT_PROJECT_VERSION = 1;
				DEVELOPMENT_TEAM = "";
				ENABLE_PREVIEWS = YES;
				GENERATE_INFOPLIST_FILE = YES;
				INFOPLIST_FILE = CycleTracker/Info.plist;
				INFOPLIST_KEY_UIApplicationSceneManifest_Generation = YES;
				INFOPLIST_KEY_UIApplicationSupportsIndirectInputEvents = YES;
				INFOPLIST_KEY_UILaunchScreen_Generation = YES;
				INFOPLIST_KEY_UISupportedInterfaceOrientations_iPad = "UIInterfaceOrientationPortrait UIInterfaceOrientationPortraitUpsideDown UIInterfaceOrientationLandscapeLeft UIInterfaceOrientationLandscapeRight";
				INFOPLIST_KEY_UISupportedInterfaceOrientations_iPhone = "UIInterfaceOrientationPortrait UIInterfaceOrientationLandscapeLeft UIInterfaceOrientationLandscapeRight";
				LD_RUNPATH_SEARCH_PATHS = (
					"$(inherited)",
					"@executable_path/Frameworks",
				);
				MARKETING_VERSION = 1.0;
				PRODUCT_BUNDLE_IDENTIFIER = com.cycletracker.app;
				PRODUCT_NAME = "$(TARGET_NAME)";
				SWIFT_EMIT_LOC_STRINGS = YES;
				SWIFT_VERSION = 5.0;
				TARGETED_DEVICE_FAMILY = "1,2";
			};
			name = Debug;
		};
		AA00000000000000000043AA /* Release */ = {
			isa = XCBuildConfiguration;
			buildSettings = {
				ASSETCATALOG_COMPILER_APPICON_NAME = AppIcon;
				ASSETCATALOG_COMPILER_GLOBAL_ACCENT_COLOR_NAME = AccentColor;
				CODE_SIGN_ENTITLEMENTS = CycleTracker/CycleTracker.entitlements;
				CODE_SIGN_STYLE = Automatic;
				CURRENT_PROJECT_VERSION = 1;
				DEVELOPMENT_TEAM = "";
				ENABLE_PREVIEWS = YES;
				GENERATE_INFOPLIST_FILE = YES;
				INFOPLIST_FILE = CycleTracker/Info.plist;
				INFOPLIST_KEY_UIApplicationSceneManifest_Generation = YES;
				INFOPLIST_KEY_UIApplicationSupportsIndirectInputEvents = YES;
				INFOPLIST_KEY_UILaunchScreen_Generation = YES;
				INFOPLIST_KEY_UISupportedInterfaceOrientations_iPad = "UIInterfaceOrientationPortrait UIInterfaceOrientationPortraitUpsideDown UIInterfaceOrientationLandscapeLeft UIInterfaceOrientationLandscapeRight";
				INFOPLIST_KEY_UISupportedInterfaceOrientations_iPhone = "UIInterfaceOrientationPortrait UIInterfaceOrientationLandscapeLeft UIInterfaceOrientationLandscapeRight";
				LD_RUNPATH_SEARCH_PATHS = (
					"$(inherited)",
					"@executable_path/Frameworks",
				);
				MARKETING_VERSION = 1.0;
				PRODUCT_BUNDLE_IDENTIFIER = com.cycletracker.app;
				PRODUCT_NAME = "$(TARGET_NAME)";
				SWIFT_EMIT_LOC_STRINGS = YES;
				SWIFT_VERSION = 5.0;
				TARGETED_DEVICE_FAMILY = "1,2";
			};
			name = Release;
		};
/* End XCBuildConfiguration section */

/* Begin XCConfigurationList section */
		AA00000000000000000030AA /* Build configuration list for PBXProject "CycleTracker" */ = {
			isa = XCConfigurationList;
			buildConfigurations = (
				AA00000000000000000040AA /* Debug */,
				AA00000000000000000041AA /* Release */,
			);
			defaultConfigurationIsVisible = 0;
			defaultConfigurationName = Release;
		};
		AA00000000000000000031AA /* Build configuration list for PBXNativeTarget "CycleTracker" */ = {
			isa = XCConfigurationList;
			buildConfigurations = (
				AA00000000000000000042AA /* Debug */,
				AA00000000000000000043AA /* Release */,
			);
			defaultConfigurationIsVisible = 0;
			defaultConfigurationName = Release;
		};
/* End XCConfigurationList section */
	};
	rootObject = AA00000000000000000001AA /* Project object */;
}
